
Microsoft Visual Studio Solution File, Format Version 12.00
# Visual Studio Version 16
VisualStudioVersion = 16.0.30611.23
MinimumVisualStudioVersion = 10.0.40219.1
Project("{8BC9CEB8-8B4A-11D0-8D11-00A0C91BC942}") = "zadatakdrugistruk", "zadatakdrugistruk\zadatakdrugistruk.vcxproj", "{5B415158-CCE5-4459-AC40-FF3D797EAF3A}"
EndProject
Global
	GlobalSection(SolutionConfigurationPlatforms) = preSolution
		Debug|x64 = Debug|x64
		Debug|x86 = Debug|x86
		Release|x64 = Release|x64
		Release|x86 = Release|x86
	EndGlobalSection
	GlobalSection(ProjectConfigurationPlatforms) = postSolution
		{5B415158-CCE5-4459-AC40-FF3D797EAF3A}.Debug|x64.ActiveCfg = Debug|x64
		{5B415158-CCE5-4459-AC40-FF3D797EAF3A}.Debug|x64.Build.0 = Debug|x64
		{5B415158-CCE5-4459-AC40-FF3D797EAF3A}.Debug|x86.ActiveCfg = Debug|Win32
		{5B415158-CCE5-4459-AC40-FF3D797EAF3A}.Debug|x86.Build.0 = Debug|Win32
		{5B415158-CCE5-4459-AC40-FF3D797EAF3A}.Release|x64.ActiveCfg = Release|x64
		{5B415158-CCE5-4459-AC40-FF3D797EAF3A}.Release|x64.Build.0 = Release|x64
		{5B415158-CCE5-4459-AC40-FF3D797EAF3A}.Release|x86.ActiveCfg = Release|Win32
		{5B415158-CCE5-4459-AC40-FF3D797EAF3A}.Release|x86.Build.0 = Release|Win32
	EndGlobalSection
	GlobalSection(SolutionProperties) = preSolution
		HideSolutionNode = FALSE
	EndGlobalSection
	GlobalSection(ExtensibilityGlobals) = postSolution
		SolutionGuid = {1F772A2C-F356-4225-9BD3-0CCD383FE221}
	EndGlobalSection
EndGlobal
